// !$*UTF8*$!
{
	archiveVersion = 1;
	classes = {
	};
	objectVersion = 56;
	objects = {

/* Begin PBXBuildFile section */
		01157CD32B3BF9CF00BCE5C8 /* tahani 3.wav in Resources */ = {isa = PBXBuildFile; fileRef = 01157CD22B3BF9CF00BCE5C8 /* tahani 3.wav */; };
		01157CD52B3BF9DA00BCE5C8 /* tahani1.wav in Resources */ = {isa = PBXBuildFile; fileRef = 01157CD42B3BF9DA00BCE5C8 /* tahani1.wav */; };
		01157CD72B3BF9E500BCE5C8 /* tahani2.wav in Resources */ = {isa = PBXBuildFile; fileRef = 01157CD62B3BF9E500BCE5C8 /* tahani2.wav */; };
		0155DC402B381DA700A3392E /* MyImageClassifier.mlmodel in Sources */ = {isa = PBXBuildFile; fileRef = 0155DC3F2B381DA600A3392E /* MyImageClassifier.mlmodel */; };
		0155DC422B381E5600A3392E /* ContentView.swift in Sources */ = {isa = PBXBuildFile; fileRef = 0155DC412B381E5600A3392E /* ContentView.swift */; };
		0155DC442B381EC500A3392E /* painting.swift in Sources */ = {isa = PBXBuildFile; fileRef = 0155DC432B381EC500A3392E /* painting.swift */; };
		0155DC462B385CBB00A3392E /* ResultPage.swift in Sources */ = {isa = PBXBuildFile; fileRef = 0155DC452B385CBB00A3392E /* ResultPage.swift */; };
		017F197B2B39675D0041C8B0 /* Localizable.xcstrings in Resources */ = {isa = PBXBuildFile; fileRef = 017F197A2B39675D0041C8B0 /* Localizable.xcstrings */; };
		FD9AEDA12B317ED70095CF12 /* ArtectorApp.swift in Sources */ = {isa = PBXBuildFile; fileRef = FD9AEDA02B317ED70095CF12 /* ArtectorApp.swift */; };
		FD9AEDA52B317ED80095CF12 /* Assets.xcassets in Resources */ = {isa = PBXBuildFile; fileRef = FD9AEDA42B317ED80095CF12 /* Assets.xcassets */; };
		FD9AEDA82B317ED80095CF12 /* Preview Assets.xcassets in Resources */ = {isa = PBXBuildFile; fileRef = FD9AEDA72B317ED80095CF12 /* Preview Assets.xcassets */; };
		FD9AEDB22B318FCC0095CF12 /* BoardingPage.swift in Sources */ = {isa = PBXBuildFile; fileRef = FD9AEDB12B318FCC0095CF12 /* BoardingPage.swift */; };
		FD9AEDD02B32CAE80095CF12 /* CameraPage.swift in Sources */ = {isa = PBXBuildFile; fileRef = FD9AEDCF2B32CAE80095CF12 /* CameraPage.swift */; };
/* End PBXBuildFile section */

/* Begin PBXFileReference section */
		01157CD22B3BF9CF00BCE5C8 /* tahani 3.wav */ = {isa = PBXFileReference; lastKnownFileType = audio.wav; path = "tahani 3.wav"; sourceTree = "<group>"; };
		01157CD42B3BF9DA00BCE5C8 /* tahani1.wav */ = {isa = PBXFileReference; lastKnownFileType = audio.wav; path = tahani1.wav; sourceTree = "<group>"; };
		01157CD62B3BF9E500BCE5C8 /* tahani2.wav */ = {isa = PBXFileReference; lastKnownFileType = audio.wav; path = tahani2.wav; sourceTree = "<group>"; };
		0155DC3F2B381DA600A3392E /* MyImageClassifier.mlmodel */ = {isa = PBXFileReference; lastKnownFileType = file.mlmodel; path = MyImageClassifier.mlmodel; sourceTree = "<group>"; };
		0155DC412B381E5600A3392E /* ContentView.swift */ = {isa = PBXFileReference; lastKnownFileType = sourcecode.swift; name = ContentView.swift; path = ../ContentView.swift; sourceTree = "<group>"; };
		0155DC432B381EC500A3392E /* painting.swift */ = {isa = PBXFileReference; lastKnownFileType = sourcecode.swift; path = painting.swift; sourceTree = "<group>"; };
		0155DC452B385CBB00A3392E /* ResultPage.swift */ = {isa = PBXFileReference; lastKnownFileType = sourcecode.swift; path = ResultPage.swift; sourceTree = "<group>"; };
		017F197A2B39675D0041C8B0 /* Localizable.xcstrings */ = {isa = PBXFileReference; fileEncoding = 4; lastKnownFileType = text.json.xcstrings; path = Localizable.xcstrings; sourceTree = "<group>"; };
		FD9AED9D2B317ED70095CF12 /* Artector.app */ = {isa = PBXFileReference; explicitFileType = wrapper.application; includeInIndex = 0; path = Artector.app; sourceTree = BUILT_PRODUCTS_DIR; };
		FD9AEDA02B317ED70095CF12 /* ArtectorApp.swift */ = {isa = PBXFileReference; lastKnownFileType = sourcecode.swift; path = ArtectorApp.swift; sourceTree = "<group>"; };
		FD9AEDA42B317ED80095CF12 /* Assets.xcassets */ = {isa = PBXFileReference; lastKnownFileType = folder.assetcatalog; path = Assets.xcassets; sourceTree = "<group>"; };
		FD9AEDA72B317ED80095CF12 /* Preview Assets.xcassets */ = {isa = PBXFileReference; lastKnownFileType = folder.assetcatalog; path = "Preview Assets.xcassets"; sourceTree = "<group>"; };
		FD9AEDB02B318E590095CF12 /* Info.plist */ = {isa = PBXFileReference; lastKnownFileType = text.plist; path = Info.plist; sourceTree = "<group>"; };
		FD9AEDB12B318FCC0095CF12 /* BoardingPage.swift */ = {isa = PBXFileReference; lastKnownFileType = sourcecode.swift; path = BoardingPage.swift; sourceTree = "<group>"; };
		FD9AEDCF2B32CAE80095CF12 /* CameraPage.swift */ = {isa = PBXFileReference; lastKnownFileType = sourcecode.swift; path = CameraPage.swift; sourceTree = "<group>"; };
/* End PBXFileReference section */

/* Begin PBXFrameworksBuildPhase section */
		FD9AED9A2B317ED70095CF12 /* Frameworks */ = {
			isa = PBXFrameworksBuildPhase;
			buildActionMask = 2147483647;
			files = (
			);
			runOnlyForDeploymentPostprocessing = 0;
		};
/* End PBXFrameworksBuildPhase section */

/* Begin PBXGroup section */
		FD9AED942B317ED70095CF12 = {
			isa = PBXGroup;
			children = (
				FD9AED9F2B317ED70095CF12 /* Artector */,
				FD9AED9E2B317ED70095CF12 /* Products */,
			);
			sourceTree = "<group>";
		};
		FD9AED9E2B317ED70095CF12 /* Products */ = {
			isa = PBXGroup;
			children = (
				FD9AED9D2B317ED70095CF12 /* Artector.app */,
			);
			name = Products;
			sourceTree = "<group>";
		};
		FD9AED9F2B317ED70095CF12 /* Artector */ = {
			isa = PBXGroup;
			children = (
				0155DC3F2B381DA600A3392E /* MyImageClassifier.mlmodel */,
				FD9AEDB02B318E590095CF12 /* Info.plist */,
				FD9AEDA02B317ED70095CF12 /* ArtectorApp.swift */,
				0155DC432B381EC500A3392E /* painting.swift */,
				FD9AEDA42B317ED80095CF12 /* Assets.xcassets */,
				FD9AEDA62B317ED80095CF12 /* Preview Content */,
				FD9AEDB12B318FCC0095CF12 /* BoardingPage.swift */,
				FD9AEDCF2B32CAE80095CF12 /* CameraPage.swift */,
				0155DC412B381E5600A3392E /* ContentView.swift */,
				0155DC452B385CBB00A3392E /* ResultPage.swift */,
				017F197A2B39675D0041C8B0 /* Localizable.xcstrings */,
				01157CD22B3BF9CF00BCE5C8 /* tahani 3.wav */,
				01157CD42B3BF9DA00BCE5C8 /* tahani1.wav */,
				01157CD62B3BF9E500BCE5C8 /* tahani2.wav */,
			);
			path = Artector;
			sourceTree = "<group>";
		};
		FD9AEDA62B317ED80095CF12 /* Preview Content */ = {
			isa = PBXGroup;
			children = (
				FD9AEDA72B317ED80095CF12 /* Preview Assets.xcassets */,
			);
			path = "Preview Content";
			sourceTree = "<group>";
		};
/* End PBXGroup section */

/* Begin PBXNativeTarget section */
		FD9AED9C2B317ED70095CF12 /* Artector */ = {
			isa = PBXNativeTarget;
			buildConfigurationList = FD9AEDAB2B317ED80095CF12 /* Build configuration list for PBXNativeTarget "Artector" */;
			buildPhases = (
				FD9AED992B317ED70095CF12 /* Sources */,
				FD9AED9A2B317ED70095CF12 /* Frameworks */,
				FD9AED9B2B317ED70095CF12 /* Resources */,
			);
			buildRules = (
			);
			dependencies = (
			);
			name = Artector;
			productName = Artector;
			productReference = FD9AED9D2B317ED70095CF12 /* Artector.app */;
			productType = "com.apple.product-type.application";
		};
/* End PBXNativeTarget section */

/* Begin PBXProject section */
		FD9AED952B317ED70095CF12 /* Project object */ = {
			isa = PBXProject;
			attributes = {
				BuildIndependentTargetsInParallel = 1;
				LastSwiftUpdateCheck = 1500;
				LastUpgradeCheck = 1500;
				TargetAttributes = {
					FD9AED9C2B317ED70095CF12 = {
						CreatedOnToolsVersion = 15.0.1;
					};
				};
			};
			buildConfigurationList = FD9AED982B317ED70095CF12 /* Build configuration list for PBXProject "Artector" */;
			compatibilityVersion = "Xcode 14.0";
			developmentRegion = en;
			hasScannedForEncodings = 0;
			knownRegions = (
				en,
				Base,
				ar,
			);
			mainGroup = FD9AED942B317ED70095CF12;
			productRefGroup = FD9AED9E2B317ED70095CF12 /* Products */;
			projectDirPath = "";
			projectRoot = "";
			targets = (
				FD9AED9C2B317ED70095CF12 /* Artector */,
			);
		};
/* End PBXProject section */

/* Begin PBXResourcesBuildPhase section */
		FD9AED9B2B317ED70095CF12 /* Resources */ = {
			isa = PBXResourcesBuildPhase;
			buildActionMask = 2147483647;
			files = (
				01157CD72B3BF9E500BCE5C8 /* tahani2.wav in Resources */,
				01157CD32B3BF9CF00BCE5C8 /* tahani 3.wav in Resources */,
				FD9AEDA82B317ED80095CF12 /* Preview Assets.xcassets in Resources */,
				FD9AEDA52B317ED80095CF12 /* Assets.xcassets in Resources */,
				01157CD52B3BF9DA00BCE5C8 /* tahani1.wav in Resources */,
				017F197B2B39675D0041C8B0 /* Localizable.xcstrings in Resources */,
			);
			runOnlyForDeploymentPostprocessing = 0;
		};
/* End PBXResourcesBuildPhase section */

/* Begin PBXSourcesBuildPhase section */
		FD9AED992B317ED70095CF12 /* Sources */ = {
			isa = PBXSourcesBuildPhase;
			buildActionMask = 2147483647;
			files = (
				FD9AEDB22B318FCC0095CF12 /* BoardingPage.swift in Sources */,
				0155DC462B385CBB00A3392E /* ResultPage.swift in Sources */,
				0155DC422B381E5600A3392E /* ContentView.swift in Sources */,
				FD9AEDD02B32CAE80095CF12 /* CameraPage.swift in Sources */,
				FD9AEDA12B317ED70095CF12 /* ArtectorApp.swift in Sources */,
				0155DC402B381DA700A3392E /* MyImageClassifier.mlmodel in Sources */,
				0155DC442B381EC500A3392E /* painting.swift in Sources */,
			);
			runOnlyForDeploymentPostprocessing = 0;
		};
/* End PBXSourcesBuildPhase section */

/* Begin XCBuildConfiguration section */
		FD9AEDA92B317ED80095CF12 /* Debug */ = {
			isa = XCBuildConfiguration;
			buildSettings = {
				ALWAYS_SEARCH_USER_PATHS = NO;
				ASSETCATALOG_COMPILER_GENERATE_SWIFT_ASSET_SYMBOL_EXTENSIONS = YES;
				CLANG_ANALYZER_NONNULL = YES;
				CLANG_ANALYZER_NUMBER_OBJECT_CONVERSION = YES_AGGRESSIVE;
				CLANG_CXX_LANGUAGE_STANDARD = "gnu++20";
				CLANG_ENABLE_MODULES = YES;
				CLANG_ENABLE_OBJC_ARC = YES;
				CLANG_ENABLE_OBJC_WEAK = YES;
				CLANG_WARN_BLOCK_CAPTURE_AUTORELEASING = YES;
				CLANG_WARN_BOOL_CONVERSION = YES;
				CLANG_WARN_COMMA = YES;
				CLANG_WARN_CONSTANT_CONVERSION = YES;
				CLANG_WARN_DEPRECATED_OBJC_IMPLEMENTATIONS = YES;
				CLANG_WARN_DIRECT_OBJC_ISA_USAGE = YES_ERROR;
				CLANG_WARN_DOCUMENTATION_COMMENTS = YES;
				CLANG_WARN_EMPTY_BODY = YES;
				CLANG_WARN_ENUM_CONVERSION = YES;
				CLANG_WARN_INFINITE_RECURSION = YES;
				CLANG_WARN_INT_CONVERSION = YES;
				CLANG_WARN_NON_LITERAL_NULL_CONVERSION = YES;
				CLANG_WARN_OBJC_IMPLICIT_RETAIN_SELF = YES;
				CLANG_WARN_OBJC_LITERAL_CONVERSION = YES;
				CLANG_WARN_OBJC_ROOT_CLASS = YES_ERROR;
				CLANG_WARN_QUOTED_INCLUDE_IN_FRAMEWORK_HEADER = YES;
				CLANG_WARN_RANGE_LOOP_ANALYSIS = YES;
				CLANG_WARN_STRICT_PROTOTYPES = YES;
				CLANG_WARN_SUSPICIOUS_MOVE = YES;
				CLANG_WARN_UNGUARDED_AVAILABILITY = YES_AGGRESSIVE;
				CLANG_WARN_UNREACHABLE_CODE = YES;
				CLANG_WARN__DUPLICATE_METHOD_MATCH = YES;
				COPY_PHASE_STRIP = NO;
				DEBUG_INFORMATION_FORMAT = dwarf;
				ENABLE_STRICT_OBJC_MSGSEND = YES;
				ENABLE_TESTABILITY = YES;
				ENABLE_USER_SCRIPT_SANDBOXING = YES;
				GCC_C_LANGUAGE_STANDARD = gnu17;
				GCC_DYNAMIC_NO_PIC = NO;
				GCC_NO_COMMON_BLOCKS = YES;
				GCC_OPTIMIZATION_LEVEL = 0;
				GCC_PREPROCESSOR_DEFINITIONS = (
					"DEBUG=1",
					"$(inherited)",
				);
				GCC_WARN_64_TO_32_BIT_CONVERSION = YES;
				GCC_WARN_ABOUT_RETURN_TYPE = YES_ERROR;
				GCC_WARN_UNDECLARED_SELECTOR = YES;
				GCC_WARN_UNINITIALIZED_AUTOS = YES_AGGRESSIVE;
				GCC_WARN_UNUSED_FUNCTION = YES;
				GCC_WARN_UNUSED_VARIABLE = YES;
				IPHONEOS_DEPLOYMENT_TARGET = 17.0;
				LOCALIZATION_PREFERS_STRING_CATALOGS = YES;
				MTL_ENABLE_DEBUG_INFO = INCLUDE_SOURCE;
				MTL_FAST_MATH = YES;
				ONLY_ACTIVE_ARCH = YES;
				SDKROOT = iphoneos;
				SWIFT_ACTIVE_COMPILATION_CONDITIONS = "DEBUG $(inherited)";
				SWIFT_OPTIMIZATION_LEVEL = "-Onone";
			};
			name = Debug;
		};
		FD9AEDAA2B317ED80095CF12 /* Release */ = {
			isa = XCBuildConfiguration;
			buildSettings = {
				ALWAYS_SEARCH_USER_PATHS = NO;
				ASSETCATALOG_COMPILER_GENERATE_SWIFT_ASSET_SYMBOL_EXTENSIONS = YES;
				CLANG_ANALYZER_NONNULL = YES;
				CLANG_ANALYZER_NUMBER_OBJECT_CONVERSION = YES_AGGRESSIVE;
				CLANG_CXX_LANGUAGE_STANDARD = "gnu++20";
				CLANG_ENABLE_MODULES = YES;
				CLANG_ENABLE_OBJC_ARC = YES;
				CLANG_ENABLE_OBJC_WEAK = YES;
				CLANG_WARN_BLOCK_CAPTURE_AUTORELEASING = YES;
				CLANG_WARN_BOOL_CONVERSION = YES;
				CLANG_WARN_COMMA = YES;
				CLANG_WARN_CONSTANT_CONVERSION = YES;
				CLANG_WARN_DEPRECATED_OBJC_IMPLEMENTATIONS = YES;
				CLANG_WARN_DIRECT_OBJC_ISA_USAGE = YES_ERROR;
				CLANG_WARN_DOCUMENTATION_COMMENTS = YES;
				CLANG_WARN_EMPTY_BODY = YES;
				CLANG_WARN_ENUM_CONVERSION = YES;
				CLANG_WARN_INFINITE_RECURSION = YES;
				CLANG_WARN_INT_CONVERSION = YES;
				CLANG_WARN_NON_LITERAL_NULL_CONVERSION = YES;
				CLANG_WARN_OBJC_IMPLICIT_RETAIN_SELF = YES;
				CLANG_WARN_OBJC_LITERAL_CONVERSION = YES;
				CLANG_WARN_OBJC_ROOT_CLASS = YES_ERROR;
				CLANG_WARN_QUOTED_INCLUDE_IN_FRAMEWORK_HEADER = YES;
				CLANG_WARN_RANGE_LOOP_ANALYSIS = YES;
				CLANG_WARN_STRICT_PROTOTYPES = YES;
				CLANG_WARN_SUSPICIOUS_MOVE = YES;
				CLANG_WARN_UNGUARDED_AVAILABILITY = YES_AGGRESSIVE;
				CLANG_WARN_UNREACHABLE_CODE = YES;
				CLANG_WARN__DUPLICATE_METHOD_MATCH = YES;
				COPY_PHASE_STRIP = NO;
				DEBUG_INFORMATION_FORMAT = "dwarf-with-dsym";
				ENABLE_NS_ASSERTIONS = NO;
				ENABLE_STRICT_OBJC_MSGSEND = YES;
				ENABLE_USER_SCRIPT_SANDBOXING = YES;
				GCC_C_LANGUAGE_STANDARD = gnu17;
				GCC_NO_COMMON_BLOCKS = YES;
				GCC_WARN_64_TO_32_BIT_CONVERSION = YES;
				GCC_WARN_ABOUT_RETURN_TYPE = YES_ERROR;
				GCC_WARN_UNDECLARED_SELECTOR = YES;
				GCC_WARN_UNINITIALIZED_AUTOS = YES_AGGRESSIVE;
				GCC_WARN_UNUSED_FUNCTION = YES;
				GCC_WARN_UNUSED_VARIABLE = YES;
				IPHONEOS_DEPLOYMENT_TARGET = 17.0;
				LOCALIZATION_PREFERS_STRING_CATALOGS = YES;
				MTL_ENABLE_DEBUG_INFO = NO;
				MTL_FAST_MATH = YES;
				SDKROOT = iphoneos;
				SWIFT_COMPILATION_MODE = wholemodule;
				VALIDATE_PRODUCT = YES;
			};
			name = Release;
		};
		FD9AEDAC2B317ED80095CF12 /* Debug */ = {
			isa = XCBuildConfiguration;
			buildSettings = {
				ASSETCATALOG_COMPILER_APPICON_NAME = AppIcon;
				ASSETCATALOG_COMPILER_GLOBAL_ACCENT_COLOR_NAME = AccentColor;
				CODE_SIGN_STYLE = Automatic;
				CURRENT_PROJECT_VERSION = 1;
				DEVELOPMENT_ASSET_PATHS = "\"Artector/Preview Content\"";
				DEVELOPMENT_TEAM = 2WWZXFVRU4;
				ENABLE_PREVIEWS = YES;
				GENERATE_INFOPLIST_FILE = YES;
				INFOPLIST_FILE = Artector/Info.plist;
				INFOPLIST_KEY_CFBundleDisplayName = "";
				INFOPLIST_KEY_LSApplicationCategoryType = "";
				INFOPLIST_KEY_NSCameraUsageDescription = "This app uses the camera to capture photos and videos.";
				INFOPLIST_KEY_UIApplicationSceneManifest_Generation = YES;
				INFOPLIST_KEY_UIApplicationSupportsIndirectInputEvents = YES;
				INFOPLIST_KEY_UILaunchScreen_Generation = YES;
				INFOPLIST_KEY_UISupportedInterfaceOrientations_iPad = "UIInterfaceOrientationPortrait UIInterfaceOrientationPortraitUpsideDown UIInterfaceOrientationLandscapeLeft UIInterfaceOrientationLandscapeRight";
				INFOPLIST_KEY_UISupportedInterfaceOrientations_iPhone = "UIInterfaceOrientationPortrait UIInterfaceOrientationLandscapeLeft UIInterfaceOrientationLandscapeRight";
				LD_RUNPATH_SEARCH_PATHS = (
					"$(inherited)",
					"@executable_path/Frameworks",
				);
				MARKETING_VERSION = 1.0;
				PRODUCT_BUNDLE_IDENTIFIER = AcademyApps.Artector;
				PRODUCT_NAME = "$(TARGET_NAME)";
				SWIFT_EMIT_LOC_STRINGS = YES;
				SWIFT_VERSION = 5.0;
				TARGETED_DEVICE_FAMILY = "1,2";
			};
			name = Debug;
		};
		FD9AEDAD2B317ED80095CF12 /* Release */ = {
			isa = XCBuildConfiguration;
			buildSettings = {
				ASSETCATALOG_COMPILER_APPICON_NAME = AppIcon;
				ASSETCATALOG_COMPILER_GLOBAL_ACCENT_COLOR_NAME = AccentColor;
				CODE_SIGN_STYLE = Automatic;
				CURRENT_PROJECT_VERSION = 1;
				DEVELOPMENT_ASSET_PATHS = "\"Artector/Preview Content\"";
				DEVELOPMENT_TEAM = 2WWZXFVRU4;
				ENABLE_PREVIEWS = YES;
				GENERATE_INFOPLIST_FILE = YES;
				INFOPLIST_FILE = Artector/Info.plist;
				INFOPLIST_KEY_CFBundleDisplayName = "";
				INFOPLIST_KEY_LSApplicationCategoryType = "";
				INFOPLIST_KEY_NSCameraUsageDescription = "This app uses the camera to capture photos and videos.";
				INFOPLIST_KEY_UIApplicationSceneManifest_Generation = YES;
				INFOPLIST_KEY_UIApplicationSupportsIndirectInputEvents = YES;
				INFOPLIST_KEY_UILaunchScreen_Generation = YES;
				INFOPLIST_KEY_UISupportedInterfaceOrientations_iPad = "UIInterfaceOrientationPortrait UIInterfaceOrientationPortraitUpsideDown UIInterfaceOrientationLandscapeLeft UIInterfaceOrientationLandscapeRight";
				INFOPLIST_KEY_UISupportedInterfaceOrientations_iPhone = "UIInterfaceOrientationPortrait UIInterfaceOrientationLandscapeLeft UIInterfaceOrientationLandscapeRight";
				LD_RUNPATH_SEARCH_PATHS = (
					"$(inherited)",
					"@executable_path/Frameworks",
				);
				MARKETING_VERSION = 1.0;
				PRODUCT_BUNDLE_IDENTIFIER = AcademyApps.Artector;
				PRODUCT_NAME = "$(TARGET_NAME)";
				SWIFT_EMIT_LOC_STRINGS = YES;
				SWIFT_VERSION = 5.0;
				TARGETED_DEVICE_FAMILY = "1,2";
			};
			name = Release;
		};
/* End XCBuildConfiguration section */

/* Begin XCConfigurationList section */
		FD9AED982B317ED70095CF12 /* Build configuration list for PBXProject "Artector" */ = {
			isa = XCConfigurationList;
			buildConfigurations = (
				FD9AEDA92B317ED80095CF12 /* Debug */,
				FD9AEDAA2B317ED80095CF12 /* Release */,
			);
			defaultConfigurationIsVisible = 0;
			defaultConfigurationName = Release;
		};
		FD9AEDAB2B317ED80095CF12 /* Build configuration list for PBXNativeTarget "Artector" */ = {
			isa = XCConfigurationList;
			buildConfigurations = (
				FD9AEDAC2B317ED80095CF12 /* Debug */,
				FD9AEDAD2B317ED80095CF12 /* Release */,
			);
			defaultConfigurationIsVisible = 0;
			defaultConfigurationName = Release;
		};
/* End XCConfigurationList section */
	};
	rootObject = FD9AED952B317ED70095CF12 /* Project object */;
}
